// !$*UTF8*$!
{
	archiveVersion = 1;
	classes = {
	};
	objectVersion = 55;
	objects = {

/* Begin PBXBuildFile section */
		2D14FE1E27E9B69F0040E27B /* VibTesterApp.swift in Sources */ = {isa = PBXBuildFile; fileRef = 2D14FE1D27E9B69F0040E27B /* VibTesterApp.swift */; };
		2D14FE2027E9B69F0040E27B /* ContentView.swift in Sources */ = {isa = PBXBuildFile; fileRef = 2D14FE1F27E9B69F0040E27B /* ContentView.swift */; };
		2D14FE2227E9B6A10040E27B /* Assets.xcassets in Resources */ = {isa = PBXBuildFile; fileRef = 2D14FE2127E9B6A10040E27B /* Assets.xcassets */; };
		2D14FE2527E9B6A10040E27B /* Preview Assets.xcassets in Resources */ = {isa = PBXBuildFile; fileRef = 2D14FE2427E9B6A10040E27B /* Preview Assets.xcassets */; };
		2D14FE2C27E9B7F60040E27B /* PlayButton.swift in Sources */ = {isa = PBXBuildFile; fileRef = 2D14FE2B27E9B7F60040E27B /* PlayButton.swift */; };
		2D14FE3027E9BF900040E27B /* VibrationManager.swift in Sources */ = {isa = PBXBuildFile; fileRef = 2D14FE2F27E9BF900040E27B /* VibrationManager.swift */; };
		2D14FE3227EA76B70040E27B /* ButtonRow.swift in Sources */ = {isa = PBXBuildFile; fileRef = 2D14FE3127EA76B70040E27B /* ButtonRow.swift */; };
		2D5D166227EAF205004AB418 /* LofeltHaptics.xcframework in Frameworks */ = {isa = PBXBuildFile; fileRef = 2D14FE2D27E9BF120040E27B /* LofeltHaptics.xcframework */; };
		2D5D166327EAF205004AB418 /* LofeltHaptics.xcframework in Embed Frameworks */ = {isa = PBXBuildFile; fileRef = 2D14FE2D27E9BF120040E27B /* LofeltHaptics.xcframework */; settings = {ATTRIBUTES = (CodeSignOnCopy, RemoveHeadersOnCopy, ); }; };
		2DA5233827EDB2AB004D8CB2 /* v-50-100-0.wav in Resources */ = {isa = PBXBuildFile; fileRef = 2DA5232627EDB2AA004D8CB2 /* v-50-100-0.wav */; };
		2DA5233927EDB2AB004D8CB2 /* v-300-100-0.wav in Resources */ = {isa = PBXBuildFile; fileRef = 2DA5232727EDB2AA004D8CB2 /* v-300-100-0.wav */; };
		2DA5233A27EDB2AB004D8CB2 /* v-50-150-0.wav in Resources */ = {isa = PBXBuildFile; fileRef = 2DA5232827EDB2AA004D8CB2 /* v-50-150-0.wav */; };
		2DA5233B27EDB2AB004D8CB2 /* v-2000-200-8.wav in Resources */ = {isa = PBXBuildFile; fileRef = 2DA5232927EDB2AA004D8CB2 /* v-2000-200-8.wav */; };
		2DA5233C27EDB2AB004D8CB2 /* v-50-150-8.wav in Resources */ = {isa = PBXBuildFile; fileRef = 2DA5232A27EDB2AA004D8CB2 /* v-50-150-8.wav */; };
		2DA5233D27EDB2AB004D8CB2 /* v-300-150-8.wav in Resources */ = {isa = PBXBuildFile; fileRef = 2DA5232B27EDB2AA004D8CB2 /* v-300-150-8.wav */; };
		2DA5233E27EDB2AB004D8CB2 /* v-50-200-0.wav in Resources */ = {isa = PBXBuildFile; fileRef = 2DA5232C27EDB2AA004D8CB2 /* v-50-200-0.wav */; };
		2DA5233F27EDB2AB004D8CB2 /* v-300-100-8.wav in Resources */ = {isa = PBXBuildFile; fileRef = 2DA5232D27EDB2AA004D8CB2 /* v-300-100-8.wav */; };
		2DA5234027EDB2AB004D8CB2 /* v-50-200-8.wav in Resources */ = {isa = PBXBuildFile; fileRef = 2DA5232E27EDB2AA004D8CB2 /* v-50-200-8.wav */; };
		2DA5234127EDB2AB004D8CB2 /* v-2000-150-8.wav in Resources */ = {isa = PBXBuildFile; fileRef = 2DA5232F27EDB2AA004D8CB2 /* v-2000-150-8.wav */; };
		2DA5234227EDB2AB004D8CB2 /* v-300-200-0.wav in Resources */ = {isa = PBXBuildFile; fileRef = 2DA5233027EDB2AA004D8CB2 /* v-300-200-0.wav */; };
		2DA5234327EDB2AB004D8CB2 /* v-2000-100-0.wav in Resources */ = {isa = PBXBuildFile; fileRef = 2DA5233127EDB2AA004D8CB2 /* v-2000-100-0.wav */; };
		2DA5234427EDB2AB004D8CB2 /* v-300-200-8.wav in Resources */ = {isa = PBXBuildFile; fileRef = 2DA5233227EDB2AB004D8CB2 /* v-300-200-8.wav */; };
		2DA5234527EDB2AB004D8CB2 /* v-2000-200-0.wav in Resources */ = {isa = PBXBuildFile; fileRef = 2DA5233327EDB2AB004D8CB2 /* v-2000-200-0.wav */; };
		2DA5234627EDB2AB004D8CB2 /* v-300-150-0.wav in Resources */ = {isa = PBXBuildFile; fileRef = 2DA5233427EDB2AB004D8CB2 /* v-300-150-0.wav */; };
		2DA5234727EDB2AB004D8CB2 /* v-2000-100-8.wav in Resources */ = {isa = PBXBuildFile; fileRef = 2DA5233527EDB2AB004D8CB2 /* v-2000-100-8.wav */; };
		2DA5234827EDB2AB004D8CB2 /* v-50-100-8.wav in Resources */ = {isa = PBXBuildFile; fileRef = 2DA5233627EDB2AB004D8CB2 /* v-50-100-8.wav */; };
		2DA5234927EDB2AB004D8CB2 /* v-2000-150-0.wav in Resources */ = {isa = PBXBuildFile; fileRef = 2DA5233727EDB2AB004D8CB2 /* v-2000-150-0.wav */; };
/* End PBXBuildFile section */

/* Begin PBXCopyFilesBuildPhase section */
		2D5D166427EAF205004AB418 /* Embed Frameworks */ = {
			isa = PBXCopyFilesBuildPhase;
			buildActionMask = 2147483647;
			dstPath = "";
			dstSubfolderSpec = 10;
			files = (
				2D5D166327EAF205004AB418 /* LofeltHaptics.xcframework in Embed Frameworks */,
			);
			name = "Embed Frameworks";
			runOnlyForDeploymentPostprocessing = 0;
		};
/* End PBXCopyFilesBuildPhase section */

/* Begin PBXFileReference section */
		2D14FE1A27E9B69F0040E27B /* VibTester.app */ = {isa = PBXFileReference; explicitFileType = wrapper.application; includeInIndex = 0; path = VibTester.app; sourceTree = BUILT_PRODUCTS_DIR; };
		2D14FE1D27E9B69F0040E27B /* VibTesterApp.swift */ = {isa = PBXFileReference; lastKnownFileType = sourcecode.swift; path = VibTesterApp.swift; sourceTree = "<group>"; };
		2D14FE1F27E9B69F0040E27B /* ContentView.swift */ = {isa = PBXFileReference; lastKnownFileType = sourcecode.swift; path = ContentView.swift; sourceTree = "<group>"; };
		2D14FE2127E9B6A10040E27B /* Assets.xcassets */ = {isa = PBXFileReference; lastKnownFileType = folder.assetcatalog; path = Assets.xcassets; sourceTree = "<group>"; };
		2D14FE2427E9B6A10040E27B /* Preview Assets.xcassets */ = {isa = PBXFileReference; lastKnownFileType = folder.assetcatalog; path = "Preview Assets.xcassets"; sourceTree = "<group>"; };
		2D14FE2B27E9B7F60040E27B /* PlayButton.swift */ = {isa = PBXFileReference; lastKnownFileType = sourcecode.swift; path = PlayButton.swift; sourceTree = "<group>"; };
		2D14FE2D27E9BF120040E27B /* LofeltHaptics.xcframework */ = {isa = PBXFileReference; lastKnownFileType = wrapper.xcframework; path = LofeltHaptics.xcframework; sourceTree = "<group>"; };
		2D14FE2F27E9BF900040E27B /* VibrationManager.swift */ = {isa = PBXFileReference; lastKnownFileType = sourcecode.swift; path = VibrationManager.swift; sourceTree = "<group>"; };
		2D14FE3127EA76B70040E27B /* ButtonRow.swift */ = {isa = PBXFileReference; lastKnownFileType = sourcecode.swift; path = ButtonRow.swift; sourceTree = "<group>"; };
		2DA5232627EDB2AA004D8CB2 /* v-50-100-0.wav */ = {isa = PBXFileReference; lastKnownFileType = audio.wav; path = "v-50-100-0.wav"; sourceTree = "<group>"; };
		2DA5232727EDB2AA004D8CB2 /* v-300-100-0.wav */ = {isa = PBXFileReference; lastKnownFileType = audio.wav; path = "v-300-100-0.wav"; sourceTree = "<group>"; };
		2DA5232827EDB2AA004D8CB2 /* v-50-150-0.wav */ = {isa = PBXFileReference; lastKnownFileType = audio.wav; path = "v-50-150-0.wav"; sourceTree = "<group>"; };
		2DA5232927EDB2AA004D8CB2 /* v-2000-200-8.wav */ = {isa = PBXFileReference; lastKnownFileType = audio.wav; path = "v-2000-200-8.wav"; sourceTree = "<group>"; };
		2DA5232A27EDB2AA004D8CB2 /* v-50-150-8.wav */ = {isa = PBXFileReference; lastKnownFileType = audio.wav; path = "v-50-150-8.wav"; sourceTree = "<group>"; };
		2DA5232B27EDB2AA004D8CB2 /* v-300-150-8.wav */ = {isa = PBXFileReference; lastKnownFileType = audio.wav; path = "v-300-150-8.wav"; sourceTree = "<group>"; };
		2DA5232C27EDB2AA004D8CB2 /* v-50-200-0.wav */ = {isa = PBXFileReference; lastKnownFileType = audio.wav; path = "v-50-200-0.wav"; sourceTree = "<group>"; };
		2DA5232D27EDB2AA004D8CB2 /* v-300-100-8.wav */ = {isa = PBXFileReference; lastKnownFileType = audio.wav; path = "v-300-100-8.wav"; sourceTree = "<group>"; };
		2DA5232E27EDB2AA004D8CB2 /* v-50-200-8.wav */ = {isa = PBXFileReference; lastKnownFileType = audio.wav; path = "v-50-200-8.wav"; sourceTree = "<group>"; };
		2DA5232F27EDB2AA004D8CB2 /* v-2000-150-8.wav */ = {isa = PBXFileReference; lastKnownFileType = audio.wav; path = "v-2000-150-8.wav"; sourceTree = "<group>"; };
		2DA5233027EDB2AA004D8CB2 /* v-300-200-0.wav */ = {isa = PBXFileReference; lastKnownFileType = audio.wav; path = "v-300-200-0.wav"; sourceTree = "<group>"; };
		2DA5233127EDB2AA004D8CB2 /* v-2000-100-0.wav */ = {isa = PBXFileReference; lastKnownFileType = audio.wav; path = "v-2000-100-0.wav"; sourceTree = "<group>"; };
		2DA5233227EDB2AB004D8CB2 /* v-300-200-8.wav */ = {isa = PBXFileReference; lastKnownFileType = audio.wav; path = "v-300-200-8.wav"; sourceTree = "<group>"; };
		2DA5233327EDB2AB004D8CB2 /* v-2000-200-0.wav */ = {isa = PBXFileReference; lastKnownFileType = audio.wav; path = "v-2000-200-0.wav"; sourceTree = "<group>"; };
		2DA5233427EDB2AB004D8CB2 /* v-300-150-0.wav */ = {isa = PBXFileReference; lastKnownFileType = audio.wav; path = "v-300-150-0.wav"; sourceTree = "<group>"; };
		2DA5233527EDB2AB004D8CB2 /* v-2000-100-8.wav */ = {isa = PBXFileReference; lastKnownFileType = audio.wav; path = "v-2000-100-8.wav"; sourceTree = "<group>"; };
		2DA5233627EDB2AB004D8CB2 /* v-50-100-8.wav */ = {isa = PBXFileReference; lastKnownFileType = audio.wav; path = "v-50-100-8.wav"; sourceTree = "<group>"; };
		2DA5233727EDB2AB004D8CB2 /* v-2000-150-0.wav */ = {isa = PBXFileReference; lastKnownFileType = audio.wav; path = "v-2000-150-0.wav"; sourceTree = "<group>"; };
/* End PBXFileReference section */

/* Begin PBXFrameworksBuildPhase section */
		2D14FE1727E9B69F0040E27B /* Frameworks */ = {
			isa = PBXFrameworksBuildPhase;
			buildActionMask = 2147483647;
			files = (
				2D5D166227EAF205004AB418 /* LofeltHaptics.xcframework in Frameworks */,
			);
			runOnlyForDeploymentPostprocessing = 0;
		};
/* End PBXFrameworksBuildPhase section */

/* Begin PBXGroup section */
		2D14FE1127E9B69F0040E27B = {
			isa = PBXGroup;
			children = (
				2D14FE1C27E9B69F0040E27B /* VibTester */,
				2D14FE1B27E9B69F0040E27B /* Products */,
			);
			sourceTree = "<group>";
		};
		2D14FE1B27E9B69F0040E27B /* Products */ = {
			isa = PBXGroup;
			children = (
				2D14FE1A27E9B69F0040E27B /* VibTester.app */,
			);
			name = Products;
			sourceTree = "<group>";
		};
		2D14FE1C27E9B69F0040E27B /* VibTester */ = {
			isa = PBXGroup;
			children = (
				2D2381CA27ED36D2007CEF6D /* wav Files */,
				2D14FE3127EA76B70040E27B /* ButtonRow.swift */,
				2D14FE2D27E9BF120040E27B /* LofeltHaptics.xcframework */,
				2D14FE1D27E9B69F0040E27B /* VibTesterApp.swift */,
				2D14FE1F27E9B69F0040E27B /* ContentView.swift */,
				2D14FE2127E9B6A10040E27B /* Assets.xcassets */,
				2D14FE2327E9B6A10040E27B /* Preview Content */,
				2D14FE2B27E9B7F60040E27B /* PlayButton.swift */,
				2D14FE2F27E9BF900040E27B /* VibrationManager.swift */,
			);
			path = VibTester;
			sourceTree = "<group>";
		};
		2D14FE2327E9B6A10040E27B /* Preview Content */ = {
			isa = PBXGroup;
			children = (
				2D14FE2427E9B6A10040E27B /* Preview Assets.xcassets */,
			);
			path = "Preview Content";
			sourceTree = "<group>";
		};
		2D2381CA27ED36D2007CEF6D /* wav Files */ = {
			isa = PBXGroup;
			children = (
				2DA5232627EDB2AA004D8CB2 /* v-50-100-0.wav */,
				2DA5233627EDB2AB004D8CB2 /* v-50-100-8.wav */,
				2DA5232827EDB2AA004D8CB2 /* v-50-150-0.wav */,
				2DA5232A27EDB2AA004D8CB2 /* v-50-150-8.wav */,
				2DA5232C27EDB2AA004D8CB2 /* v-50-200-0.wav */,
				2DA5232E27EDB2AA004D8CB2 /* v-50-200-8.wav */,
				2DA5232727EDB2AA004D8CB2 /* v-300-100-0.wav */,
				2DA5232D27EDB2AA004D8CB2 /* v-300-100-8.wav */,
				2DA5233427EDB2AB004D8CB2 /* v-300-150-0.wav */,
				2DA5232B27EDB2AA004D8CB2 /* v-300-150-8.wav */,
				2DA5233027EDB2AA004D8CB2 /* v-300-200-0.wav */,
				2DA5233227EDB2AB004D8CB2 /* v-300-200-8.wav */,
				2DA5233127EDB2AA004D8CB2 /* v-2000-100-0.wav */,
				2DA5233527EDB2AB004D8CB2 /* v-2000-100-8.wav */,
				2DA5233727EDB2AB004D8CB2 /* v-2000-150-0.wav */,
				2DA5232F27EDB2AA004D8CB2 /* v-2000-150-8.wav */,
				2DA5233327EDB2AB004D8CB2 /* v-2000-200-0.wav */,
				2DA5232927EDB2AA004D8CB2 /* v-2000-200-8.wav */,
			);
			path = "wav Files";
			sourceTree = "<group>";
		};
/* End PBXGroup section */

/* Begin PBXNativeTarget section */
		2D14FE1927E9B69F0040E27B /* VibTester */ = {
			isa = PBXNativeTarget;
			buildConfigurationList = 2D14FE2827E9B6A10040E27B /* Build configuration list for PBXNativeTarget "VibTester" */;
			buildPhases = (
				2D14FE1627E9B69F0040E27B /* Sources */,
				2D14FE1727E9B69F0040E27B /* Frameworks */,
				2D14FE1827E9B69F0040E27B /* Resources */,
				2D5D166427EAF205004AB418 /* Embed Frameworks */,
			);
			buildRules = (
			);
			dependencies = (
			);
			name = VibTester;
			productName = VibTester;
			productReference = 2D14FE1A27E9B69F0040E27B /* VibTester.app */;
			productType = "com.apple.product-type.application";
		};
/* End PBXNativeTarget section */

/* Begin PBXProject section */
		2D14FE1227E9B69F0040E27B /* Project object */ = {
			isa = PBXProject;
			attributes = {
				BuildIndependentTargetsInParallel = 1;
				LastSwiftUpdateCheck = 1320;
				LastUpgradeCheck = 1320;
				TargetAttributes = {
					2D14FE1927E9B69F0040E27B = {
						CreatedOnToolsVersion = 13.2.1;
					};
				};
			};
			buildConfigurationList = 2D14FE1527E9B69F0040E27B /* Build configuration list for PBXProject "VibTester" */;
			compatibilityVersion = "Xcode 13.0";
			developmentRegion = en;
			hasScannedForEncodings = 0;
			knownRegions = (
				en,
				Base,
			);
			mainGroup = 2D14FE1127E9B69F0040E27B;
			productRefGroup = 2D14FE1B27E9B69F0040E27B /* Products */;
			projectDirPath = "";
			projectRoot = "";
			targets = (
				2D14FE1927E9B69F0040E27B /* VibTester */,
			);
		};
/* End PBXProject section */

/* Begin PBXResourcesBuildPhase section */
		2D14FE1827E9B69F0040E27B /* Resources */ = {
			isa = PBXResourcesBuildPhase;
			buildActionMask = 2147483647;
			files = (
				2DA5233927EDB2AB004D8CB2 /* v-300-100-0.wav in Resources */,
				2DA5234927EDB2AB004D8CB2 /* v-2000-150-0.wav in Resources */,
				2DA5233D27EDB2AB004D8CB2 /* v-300-150-8.wav in Resources */,
				2DA5234327EDB2AB004D8CB2 /* v-2000-100-0.wav in Resources */,
				2DA5234227EDB2AB004D8CB2 /* v-300-200-0.wav in Resources */,
				2DA5233B27EDB2AB004D8CB2 /* v-2000-200-8.wav in Resources */,
				2DA5233A27EDB2AB004D8CB2 /* v-50-150-0.wav in Resources */,
				2DA5233F27EDB2AB004D8CB2 /* v-300-100-8.wav in Resources */,
				2D14FE2527E9B6A10040E27B /* Preview Assets.xcassets in Resources */,
				2DA5234627EDB2AB004D8CB2 /* v-300-150-0.wav in Resources */,
				2DA5233E27EDB2AB004D8CB2 /* v-50-200-0.wav in Resources */,
				2D14FE2227E9B6A10040E27B /* Assets.xcassets in Resources */,
				2DA5234427EDB2AB004D8CB2 /* v-300-200-8.wav in Resources */,
				2DA5234727EDB2AB004D8CB2 /* v-2000-100-8.wav in Resources */,
				2DA5234027EDB2AB004D8CB2 /* v-50-200-8.wav in Resources */,
				2DA5234127EDB2AB004D8CB2 /* v-2000-150-8.wav in Resources */,
				2DA5234527EDB2AB004D8CB2 /* v-2000-200-0.wav in Resources */,
				2DA5233827EDB2AB004D8CB2 /* v-50-100-0.wav in Resources */,
				2DA5233C27EDB2AB004D8CB2 /* v-50-150-8.wav in Resources */,
				2DA5234827EDB2AB004D8CB2 /* v-50-100-8.wav in Resources */,
			);
			runOnlyForDeploymentPostprocessing = 0;
		};
/* End PBXResourcesBuildPhase section */

/* Begin PBXSourcesBuildPhase section */
		2D14FE1627E9B69F0040E27B /* Sources */ = {
			isa = PBXSourcesBuildPhase;
			buildActionMask = 2147483647;
			files = (
				2D14FE2027E9B69F0040E27B /* ContentView.swift in Sources */,
				2D14FE1E27E9B69F0040E27B /* VibTesterApp.swift in Sources */,
				2D14FE3027E9BF900040E27B /* VibrationManager.swift in Sources */,
				2D14FE2C27E9B7F60040E27B /* PlayButton.swift in Sources */,
				2D14FE3227EA76B70040E27B /* ButtonRow.swift in Sources */,
			);
			runOnlyForDeploymentPostprocessing = 0;
		};
/* End PBXSourcesBuildPhase section */

/* Begin XCBuildConfiguration section */
		2D14FE2627E9B6A10040E27B /* Debug */ = {
			isa = XCBuildConfiguration;
			buildSettings = {
				ALWAYS_SEARCH_USER_PATHS = NO;
				CLANG_ANALYZER_NONNULL = YES;
				CLANG_ANALYZER_NUMBER_OBJECT_CONVERSION = YES_AGGRESSIVE;
				CLANG_CXX_LANGUAGE_STANDARD = "gnu++17";
				CLANG_CXX_LIBRARY = "libc++";
				CLANG_ENABLE_MODULES = YES;
				CLANG_ENABLE_OBJC_ARC = YES;
				CLANG_ENABLE_OBJC_WEAK = YES;
				CLANG_WARN_BLOCK_CAPTURE_AUTORELEASING = YES;
				CLANG_WARN_BOOL_CONVERSION = YES;
				CLANG_WARN_COMMA = YES;
				CLANG_WARN_CONSTANT_CONVERSION = YES;
				CLANG_WARN_DEPRECATED_OBJC_IMPLEMENTATIONS = YES;
				CLANG_WARN_DIRECT_OBJC_ISA_USAGE = YES_ERROR;
				CLANG_WARN_DOCUMENTATION_COMMENTS = YES;
				CLANG_WARN_EMPTY_BODY = YES;
				CLANG_WARN_ENUM_CONVERSION = YES;
				CLANG_WARN_INFINITE_RECURSION = YES;
				CLANG_WARN_INT_CONVERSION = YES;
				CLANG_WARN_NON_LITERAL_NULL_CONVERSION = YES;
				CLANG_WARN_OBJC_IMPLICIT_RETAIN_SELF = YES;
				CLANG_WARN_OBJC_LITERAL_CONVERSION = YES;
				CLANG_WARN_OBJC_ROOT_CLASS = YES_ERROR;
				CLANG_WARN_QUOTED_INCLUDE_IN_FRAMEWORK_HEADER = YES;
				CLANG_WARN_RANGE_LOOP_ANALYSIS = YES;
				CLANG_WARN_STRICT_PROTOTYPES = YES;
				CLANG_WARN_SUSPICIOUS_MOVE = YES;
				CLANG_WARN_UNGUARDED_AVAILABILITY = YES_AGGRESSIVE;
				CLANG_WARN_UNREACHABLE_CODE = YES;
				CLANG_WARN__DUPLICATE_METHOD_MATCH = YES;
				COPY_PHASE_STRIP = NO;
				DEBUG_INFORMATION_FORMAT = dwarf;
				ENABLE_STRICT_OBJC_MSGSEND = YES;
				ENABLE_TESTABILITY = YES;
				GCC_C_LANGUAGE_STANDARD = gnu11;
				GCC_DYNAMIC_NO_PIC = NO;
				GCC_NO_COMMON_BLOCKS = YES;
				GCC_OPTIMIZATION_LEVEL = 0;
				GCC_PREPROCESSOR_DEFINITIONS = (
					"DEBUG=1",
					"$(inherited)",
				);
				GCC_WARN_64_TO_32_BIT_CONVERSION = YES;
				GCC_WARN_ABOUT_RETURN_TYPE = YES_ERROR;
				GCC_WARN_UNDECLARED_SELECTOR = YES;
				GCC_WARN_UNINITIALIZED_AUTOS = YES_AGGRESSIVE;
				GCC_WARN_UNUSED_FUNCTION = YES;
				GCC_WARN_UNUSED_VARIABLE = YES;
				IPHONEOS_DEPLOYMENT_TARGET = 15.2;
				MTL_ENABLE_DEBUG_INFO = INCLUDE_SOURCE;
				MTL_FAST_MATH = YES;
				ONLY_ACTIVE_ARCH = YES;
				SDKROOT = iphoneos;
				SWIFT_ACTIVE_COMPILATION_CONDITIONS = DEBUG;
				SWIFT_OPTIMIZATION_LEVEL = "-Onone";
			};
			name = Debug;
		};
		2D14FE2727E9B6A10040E27B /* Release */ = {
			isa = XCBuildConfiguration;
			buildSettings = {
				ALWAYS_SEARCH_USER_PATHS = NO;
				CLANG_ANALYZER_NONNULL = YES;
				CLANG_ANALYZER_NUMBER_OBJECT_CONVERSION = YES_AGGRESSIVE;
				CLANG_CXX_LANGUAGE_STANDARD = "gnu++17";
				CLANG_CXX_LIBRARY = "libc++";
				CLANG_ENABLE_MODULES = YES;
				CLANG_ENABLE_OBJC_ARC = YES;
				CLANG_ENABLE_OBJC_WEAK = YES;
				CLANG_WARN_BLOCK_CAPTURE_AUTORELEASING = YES;
				CLANG_WARN_BOOL_CONVERSION = YES;
				CLANG_WARN_COMMA = YES;
				CLANG_WARN_CONSTANT_CONVERSION = YES;
				CLANG_WARN_DEPRECATED_OBJC_IMPLEMENTATIONS = YES;
				CLANG_WARN_DIRECT_OBJC_ISA_USAGE = YES_ERROR;
				CLANG_WARN_DOCUMENTATION_COMMENTS = YES;
				CLANG_WARN_EMPTY_BODY = YES;
				CLANG_WARN_ENUM_CONVERSION = YES;
				CLANG_WARN_INFINITE_RECURSION = YES;
				CLANG_WARN_INT_CONVERSION = YES;
				CLANG_WARN_NON_LITERAL_NULL_CONVERSION = YES;
				CLANG_WARN_OBJC_IMPLICIT_RETAIN_SELF = YES;
				CLANG_WARN_OBJC_LITERAL_CONVERSION = YES;
				CLANG_WARN_OBJC_ROOT_CLASS = YES_ERROR;
				CLANG_WARN_QUOTED_INCLUDE_IN_FRAMEWORK_HEADER = YES;
				CLANG_WARN_RANGE_LOOP_ANALYSIS = YES;
				CLANG_WARN_STRICT_PROTOTYPES = YES;
				CLANG_WARN_SUSPICIOUS_MOVE = YES;
				CLANG_WARN_UNGUARDED_AVAILABILITY = YES_AGGRESSIVE;
				CLANG_WARN_UNREACHABLE_CODE = YES;
				CLANG_WARN__DUPLICATE_METHOD_MATCH = YES;
				COPY_PHASE_STRIP = NO;
				DEBUG_INFORMATION_FORMAT = "dwarf-with-dsym";
				ENABLE_NS_ASSERTIONS = NO;
				ENABLE_STRICT_OBJC_MSGSEND = YES;
				GCC_C_LANGUAGE_STANDARD = gnu11;
				GCC_NO_COMMON_BLOCKS = YES;
				GCC_WARN_64_TO_32_BIT_CONVERSION = YES;
				GCC_WARN_ABOUT_RETURN_TYPE = YES_ERROR;
				GCC_WARN_UNDECLARED_SELECTOR = YES;
				GCC_WARN_UNINITIALIZED_AUTOS = YES_AGGRESSIVE;
				GCC_WARN_UNUSED_FUNCTION = YES;
				GCC_WARN_UNUSED_VARIABLE = YES;
				IPHONEOS_DEPLOYMENT_TARGET = 15.2;
				MTL_ENABLE_DEBUG_INFO = NO;
				MTL_FAST_MATH = YES;
				SDKROOT = iphoneos;
				SWIFT_COMPILATION_MODE = wholemodule;
				SWIFT_OPTIMIZATION_LEVEL = "-O";
				VALIDATE_PRODUCT = YES;
			};
			name = Release;
		};
		2D14FE2927E9B6A10040E27B /* Debug */ = {
			isa = XCBuildConfiguration;
			buildSettings = {
				ASSETCATALOG_COMPILER_APPICON_NAME = AppIcon;
				ASSETCATALOG_COMPILER_GLOBAL_ACCENT_COLOR_NAME = AccentColor;
				CODE_SIGN_STYLE = Automatic;
				CURRENT_PROJECT_VERSION = 1;
				DEVELOPMENT_ASSET_PATHS = "\"VibTester/Preview Content\"";
				DEVELOPMENT_TEAM = BZ69BT7KDM;
				ENABLE_PREVIEWS = YES;
				GENERATE_INFOPLIST_FILE = YES;
				INFOPLIST_KEY_UIApplicationSceneManifest_Generation = YES;
				INFOPLIST_KEY_UIApplicationSupportsIndirectInputEvents = YES;
				INFOPLIST_KEY_UILaunchScreen_Generation = YES;
				INFOPLIST_KEY_UISupportedInterfaceOrientations_iPad = "UIInterfaceOrientationPortrait UIInterfaceOrientationPortraitUpsideDown UIInterfaceOrientationLandscapeLeft UIInterfaceOrientationLandscapeRight";
				INFOPLIST_KEY_UISupportedInterfaceOrientations_iPhone = "UIInterfaceOrientationPortrait UIInterfaceOrientationLandscapeLeft UIInterfaceOrientationLandscapeRight";
				IPHONEOS_DEPLOYMENT_TARGET = 14.5;
				LD_RUNPATH_SEARCH_PATHS = (
					"$(inherited)",
					"@executable_path/Frameworks",
				);
				MARKETING_VERSION = 1.0;
				PRODUCT_BUNDLE_IDENTIFIER = HapticStudyTeam.VibTester;
				PRODUCT_NAME = "$(TARGET_NAME)";
				SWIFT_EMIT_LOC_STRINGS = YES;
				SWIFT_VERSION = 5.0;
				TARGETED_DEVICE_FAMILY = "1,2";
			};
			name = Debug;
		};
		2D14FE2A27E9B6A10040E27B /* Release */ = {
			isa = XCBuildConfiguration;
			buildSettings = {
				ASSETCATALOG_COMPILER_APPICON_NAME = AppIcon;
				ASSETCATALOG_COMPILER_GLOBAL_ACCENT_COLOR_NAME = AccentColor;
				CODE_SIGN_STYLE = Automatic;
				CURRENT_PROJECT_VERSION = 1;
				DEVELOPMENT_ASSET_PATHS = "\"VibTester/Preview Content\"";
				DEVELOPMENT_TEAM = BZ69BT7KDM;
				ENABLE_PREVIEWS = YES;
				GENERATE_INFOPLIST_FILE = YES;
				INFOPLIST_KEY_UIApplicationSceneManifest_Generation = YES;
				INFOPLIST_KEY_UIApplicationSupportsIndirectInputEvents = YES;
				INFOPLIST_KEY_UILaunchScreen_Generation = YES;
				INFOPLIST_KEY_UISupportedInterfaceOrientations_iPad = "UIInterfaceOrientationPortrait UIInterfaceOrientationPortraitUpsideDown UIInterfaceOrientationLandscapeLeft UIInterfaceOrientationLandscapeRight";
				INFOPLIST_KEY_UISupportedInterfaceOrientations_iPhone = "UIInterfaceOrientationPortrait UIInterfaceOrientationLandscapeLeft UIInterfaceOrientationLandscapeRight";
				IPHONEOS_DEPLOYMENT_TARGET = 14.5;
				LD_RUNPATH_SEARCH_PATHS = (
					"$(inherited)",
					"@executable_path/Frameworks",
				);
				MARKETING_VERSION = 1.0;
				PRODUCT_BUNDLE_IDENTIFIER = HapticStudyTeam.VibTester;
				PRODUCT_NAME = "$(TARGET_NAME)";
				SWIFT_EMIT_LOC_STRINGS = YES;
				SWIFT_VERSION = 5.0;
				TARGETED_DEVICE_FAMILY = "1,2";
			};
			name = Release;
		};
/* End XCBuildConfiguration section */

/* Begin XCConfigurationList section */
		2D14FE1527E9B69F0040E27B /* Build configuration list for PBXProject "VibTester" */ = {
			isa = XCConfigurationList;
			buildConfigurations = (
				2D14FE2627E9B6A10040E27B /* Debug */,
				2D14FE2727E9B6A10040E27B /* Release */,
			);
			defaultConfigurationIsVisible = 0;
			defaultConfigurationName = Release;
		};
		2D14FE2827E9B6A10040E27B /* Build configuration list for PBXNativeTarget "VibTester" */ = {
			isa = XCConfigurationList;
			buildConfigurations = (
				2D14FE2927E9B6A10040E27B /* Debug */,
				2D14FE2A27E9B6A10040E27B /* Release */,
			);
			defaultConfigurationIsVisible = 0;
			defaultConfigurationName = Release;
		};
/* End XCConfigurationList section */
	};
	rootObject = 2D14FE1227E9B69F0040E27B /* Project object */;
}
