// !$*UTF8*$!
{
	archiveVersion = 1;
	classes = {
	};
	objectVersion = 55;
	objects = {

/* Begin PBXBuildFile section */
		2D14FE1E27E9B69F0040E27B /* VibTesterApp.swift in Sources */ = {isa = PBXBuildFile; fileRef = 2D14FE1D27E9B69F0040E27B /* VibTesterApp.swift */; };
		2D14FE2027E9B69F0040E27B /* ContentView.swift in Sources */ = {isa = PBXBuildFile; fileRef = 2D14FE1F27E9B69F0040E27B /* ContentView.swift */; };
		2D14FE2227E9B6A10040E27B /* Assets.xcassets in Resources */ = {isa = PBXBuildFile; fileRef = 2D14FE2127E9B6A10040E27B /* Assets.xcassets */; };
		2D14FE2527E9B6A10040E27B /* Preview Assets.xcassets in Resources */ = {isa = PBXBuildFile; fileRef = 2D14FE2427E9B6A10040E27B /* Preview Assets.xcassets */; };
		2D14FE2C27E9B7F60040E27B /* PlayButton.swift in Sources */ = {isa = PBXBuildFile; fileRef = 2D14FE2B27E9B7F60040E27B /* PlayButton.swift */; };
		2D14FE3027E9BF900040E27B /* VibrationManager.swift in Sources */ = {isa = PBXBuildFile; fileRef = 2D14FE2F27E9BF900040E27B /* VibrationManager.swift */; };
		2D14FE3227EA76B70040E27B /* ButtonRow.swift in Sources */ = {isa = PBXBuildFile; fileRef = 2D14FE3127EA76B70040E27B /* ButtonRow.swift */; };
		2D315056286C81A9005266E6 /* v-09-11-4-8.ahap in Resources */ = {isa = PBXBuildFile; fileRef = 2D315048286C81A9005266E6 /* v-09-11-4-8.ahap */; };
		2D315057286C81A9005266E6 /* v-10-10-1-10.ahap in Resources */ = {isa = PBXBuildFile; fileRef = 2D315049286C81A9005266E6 /* v-10-10-1-10.ahap */; };
		2D315058286C81A9005266E6 /* v-09-11-3-50.ahap in Resources */ = {isa = PBXBuildFile; fileRef = 2D31504A286C81A9005266E6 /* v-09-11-3-50.ahap */; };
		2D315059286C81A9005266E6 /* v-09-11-3-24.ahap in Resources */ = {isa = PBXBuildFile; fileRef = 2D31504B286C81A9005266E6 /* v-09-11-3-24.ahap */; };
		2D31505A286C81A9005266E6 /* v-09-10-4-20.ahap in Resources */ = {isa = PBXBuildFile; fileRef = 2D31504C286C81A9005266E6 /* v-09-10-4-20.ahap */; };
		2D31505B286C81A9005266E6 /* v-09-12-2-40.ahap in Resources */ = {isa = PBXBuildFile; fileRef = 2D31504D286C81A9005266E6 /* v-09-12-2-40.ahap */; };
		2D31505C286C81A9005266E6 /* v-09-11-3-12.ahap in Resources */ = {isa = PBXBuildFile; fileRef = 2D31504E286C81A9005266E6 /* v-09-11-3-12.ahap */; };
		2D31505D286C81A9005266E6 /* v-09-10-7-9.ahap in Resources */ = {isa = PBXBuildFile; fileRef = 2D31504F286C81A9005266E6 /* v-09-10-7-9.ahap */; };
		2D31505E286C81A9005266E6 /* v-09-18-1-55.ahap in Resources */ = {isa = PBXBuildFile; fileRef = 2D315050286C81A9005266E6 /* v-09-18-1-55.ahap */; };
		2D31505F286C81A9005266E6 /* v-10-28-7-35.ahap in Resources */ = {isa = PBXBuildFile; fileRef = 2D315051286C81A9005266E6 /* v-10-28-7-35.ahap */; };
		2D315060286C81A9005266E6 /* v-09-11-3-8.ahap in Resources */ = {isa = PBXBuildFile; fileRef = 2D315052286C81A9005266E6 /* v-09-11-3-8.ahap */; };
		2D315061286C81A9005266E6 /* v-10-28-7-31.ahap in Resources */ = {isa = PBXBuildFile; fileRef = 2D315053286C81A9005266E6 /* v-10-28-7-31.ahap */; };
		2D315062286C81A9005266E6 /* v-10-21-3-45.ahap in Resources */ = {isa = PBXBuildFile; fileRef = 2D315054286C81A9005266E6 /* v-10-21-3-45.ahap */; };
		2D315063286C81A9005266E6 /* v-09-12-1-19.ahap in Resources */ = {isa = PBXBuildFile; fileRef = 2D315055286C81A9005266E6 /* v-09-12-1-19.ahap */; };
		2D5D166227EAF205004AB418 /* LofeltHaptics.xcframework in Frameworks */ = {isa = PBXBuildFile; fileRef = 2D14FE2D27E9BF120040E27B /* LofeltHaptics.xcframework */; };
		2D5D166327EAF205004AB418 /* LofeltHaptics.xcframework in Embed Frameworks */ = {isa = PBXBuildFile; fileRef = 2D14FE2D27E9BF120040E27B /* LofeltHaptics.xcframework */; settings = {ATTRIBUTES = (CodeSignOnCopy, RemoveHeadersOnCopy, ); }; };
/* End PBXBuildFile section */

/* Begin PBXCopyFilesBuildPhase section */
		2D5D166427EAF205004AB418 /* Embed Frameworks */ = {
			isa = PBXCopyFilesBuildPhase;
			buildActionMask = 2147483647;
			dstPath = "";
			dstSubfolderSpec = 10;
			files = (
				2D5D166327EAF205004AB418 /* LofeltHaptics.xcframework in Embed Frameworks */,
			);
			name = "Embed Frameworks";
			runOnlyForDeploymentPostprocessing = 0;
		};
/* End PBXCopyFilesBuildPhase section */

/* Begin PBXFileReference section */
		2D14FE1A27E9B69F0040E27B /* VibTester.app */ = {isa = PBXFileReference; explicitFileType = wrapper.application; includeInIndex = 0; path = VibTester.app; sourceTree = BUILT_PRODUCTS_DIR; };
		2D14FE1D27E9B69F0040E27B /* VibTesterApp.swift */ = {isa = PBXFileReference; lastKnownFileType = sourcecode.swift; path = VibTesterApp.swift; sourceTree = "<group>"; };
		2D14FE1F27E9B69F0040E27B /* ContentView.swift */ = {isa = PBXFileReference; lastKnownFileType = sourcecode.swift; path = ContentView.swift; sourceTree = "<group>"; };
		2D14FE2127E9B6A10040E27B /* Assets.xcassets */ = {isa = PBXFileReference; lastKnownFileType = folder.assetcatalog; path = Assets.xcassets; sourceTree = "<group>"; };
		2D14FE2427E9B6A10040E27B /* Preview Assets.xcassets */ = {isa = PBXFileReference; lastKnownFileType = folder.assetcatalog; path = "Preview Assets.xcassets"; sourceTree = "<group>"; };
		2D14FE2B27E9B7F60040E27B /* PlayButton.swift */ = {isa = PBXFileReference; lastKnownFileType = sourcecode.swift; path = PlayButton.swift; sourceTree = "<group>"; };
		2D14FE2D27E9BF120040E27B /* LofeltHaptics.xcframework */ = {isa = PBXFileReference; lastKnownFileType = wrapper.xcframework; path = LofeltHaptics.xcframework; sourceTree = "<group>"; };
		2D14FE2F27E9BF900040E27B /* VibrationManager.swift */ = {isa = PBXFileReference; lastKnownFileType = sourcecode.swift; path = VibrationManager.swift; sourceTree = "<group>"; };
		2D14FE3127EA76B70040E27B /* ButtonRow.swift */ = {isa = PBXFileReference; lastKnownFileType = sourcecode.swift; path = ButtonRow.swift; sourceTree = "<group>"; };
		2D315048286C81A9005266E6 /* v-09-11-4-8.ahap */ = {isa = PBXFileReference; fileEncoding = 4; lastKnownFileType = text; path = "v-09-11-4-8.ahap"; sourceTree = "<group>"; };
		2D315049286C81A9005266E6 /* v-10-10-1-10.ahap */ = {isa = PBXFileReference; fileEncoding = 4; lastKnownFileType = text; path = "v-10-10-1-10.ahap"; sourceTree = "<group>"; };
		2D31504A286C81A9005266E6 /* v-09-11-3-50.ahap */ = {isa = PBXFileReference; fileEncoding = 4; lastKnownFileType = text; path = "v-09-11-3-50.ahap"; sourceTree = "<group>"; };
		2D31504B286C81A9005266E6 /* v-09-11-3-24.ahap */ = {isa = PBXFileReference; fileEncoding = 4; lastKnownFileType = text; path = "v-09-11-3-24.ahap"; sourceTree = "<group>"; };
		2D31504C286C81A9005266E6 /* v-09-10-4-20.ahap */ = {isa = PBXFileReference; fileEncoding = 4; lastKnownFileType = text; path = "v-09-10-4-20.ahap"; sourceTree = "<group>"; };
		2D31504D286C81A9005266E6 /* v-09-12-2-40.ahap */ = {isa = PBXFileReference; fileEncoding = 4; lastKnownFileType = text; path = "v-09-12-2-40.ahap"; sourceTree = "<group>"; };
		2D31504E286C81A9005266E6 /* v-09-11-3-12.ahap */ = {isa = PBXFileReference; fileEncoding = 4; lastKnownFileType = text; path = "v-09-11-3-12.ahap"; sourceTree = "<group>"; };
		2D31504F286C81A9005266E6 /* v-09-10-7-9.ahap */ = {isa = PBXFileReference; fileEncoding = 4; lastKnownFileType = text; path = "v-09-10-7-9.ahap"; sourceTree = "<group>"; };
		2D315050286C81A9005266E6 /* v-09-18-1-55.ahap */ = {isa = PBXFileReference; fileEncoding = 4; lastKnownFileType = text; path = "v-09-18-1-55.ahap"; sourceTree = "<group>"; };
		2D315051286C81A9005266E6 /* v-10-28-7-35.ahap */ = {isa = PBXFileReference; fileEncoding = 4; lastKnownFileType = text; path = "v-10-28-7-35.ahap"; sourceTree = "<group>"; };
		2D315052286C81A9005266E6 /* v-09-11-3-8.ahap */ = {isa = PBXFileReference; fileEncoding = 4; lastKnownFileType = text; path = "v-09-11-3-8.ahap"; sourceTree = "<group>"; };
		2D315053286C81A9005266E6 /* v-10-28-7-31.ahap */ = {isa = PBXFileReference; fileEncoding = 4; lastKnownFileType = text; path = "v-10-28-7-31.ahap"; sourceTree = "<group>"; };
		2D315054286C81A9005266E6 /* v-10-21-3-45.ahap */ = {isa = PBXFileReference; fileEncoding = 4; lastKnownFileType = text; path = "v-10-21-3-45.ahap"; sourceTree = "<group>"; };
		2D315055286C81A9005266E6 /* v-09-12-1-19.ahap */ = {isa = PBXFileReference; fileEncoding = 4; lastKnownFileType = text; path = "v-09-12-1-19.ahap"; sourceTree = "<group>"; };
/* End PBXFileReference section */

/* Begin PBXFrameworksBuildPhase section */
		2D14FE1727E9B69F0040E27B /* Frameworks */ = {
			isa = PBXFrameworksBuildPhase;
			buildActionMask = 2147483647;
			files = (
				2D5D166227EAF205004AB418 /* LofeltHaptics.xcframework in Frameworks */,
			);
			runOnlyForDeploymentPostprocessing = 0;
		};
/* End PBXFrameworksBuildPhase section */

/* Begin PBXGroup section */
		2D14FE1127E9B69F0040E27B = {
			isa = PBXGroup;
			children = (
				2D14FE1C27E9B69F0040E27B /* VibTester */,
				2D14FE1B27E9B69F0040E27B /* Products */,
			);
			sourceTree = "<group>";
		};
		2D14FE1B27E9B69F0040E27B /* Products */ = {
			isa = PBXGroup;
			children = (
				2D14FE1A27E9B69F0040E27B /* VibTester.app */,
			);
			name = Products;
			sourceTree = "<group>";
		};
		2D14FE1C27E9B69F0040E27B /* VibTester */ = {
			isa = PBXGroup;
			children = (
				2D14FE3127EA76B70040E27B /* ButtonRow.swift */,
				2D14FE2D27E9BF120040E27B /* LofeltHaptics.xcframework */,
				2D14FE1D27E9B69F0040E27B /* VibTesterApp.swift */,
				2D14FE1F27E9B69F0040E27B /* ContentView.swift */,
				2D14FE2127E9B6A10040E27B /* Assets.xcassets */,
				2D14FE2327E9B6A10040E27B /* Preview Content */,
				2D14FE2B27E9B7F60040E27B /* PlayButton.swift */,
				2D14FE2F27E9BF900040E27B /* VibrationManager.swift */,
				2D31504C286C81A9005266E6 /* v-09-10-4-20.ahap */,
				2D31504F286C81A9005266E6 /* v-09-10-7-9.ahap */,
				2D315052286C81A9005266E6 /* v-09-11-3-8.ahap */,
				2D31504E286C81A9005266E6 /* v-09-11-3-12.ahap */,
				2D31504B286C81A9005266E6 /* v-09-11-3-24.ahap */,
				2D31504A286C81A9005266E6 /* v-09-11-3-50.ahap */,
				2D315048286C81A9005266E6 /* v-09-11-4-8.ahap */,
				2D315055286C81A9005266E6 /* v-09-12-1-19.ahap */,
				2D31504D286C81A9005266E6 /* v-09-12-2-40.ahap */,
				2D315050286C81A9005266E6 /* v-09-18-1-55.ahap */,
				2D315049286C81A9005266E6 /* v-10-10-1-10.ahap */,
				2D315054286C81A9005266E6 /* v-10-21-3-45.ahap */,
				2D315053286C81A9005266E6 /* v-10-28-7-31.ahap */,
				2D315051286C81A9005266E6 /* v-10-28-7-35.ahap */,
			);
			path = VibTester;
			sourceTree = "<group>";
		};
		2D14FE2327E9B6A10040E27B /* Preview Content */ = {
			isa = PBXGroup;
			children = (
				2D14FE2427E9B6A10040E27B /* Preview Assets.xcassets */,
			);
			path = "Preview Content";
			sourceTree = "<group>";
		};
/* End PBXGroup section */

/* Begin PBXNativeTarget section */
		2D14FE1927E9B69F0040E27B /* VibTester */ = {
			isa = PBXNativeTarget;
			buildConfigurationList = 2D14FE2827E9B6A10040E27B /* Build configuration list for PBXNativeTarget "VibTester" */;
			buildPhases = (
				2D14FE1627E9B69F0040E27B /* Sources */,
				2D14FE1727E9B69F0040E27B /* Frameworks */,
				2D14FE1827E9B69F0040E27B /* Resources */,
				2D5D166427EAF205004AB418 /* Embed Frameworks */,
			);
			buildRules = (
			);
			dependencies = (
			);
			name = VibTester;
			productName = VibTester;
			productReference = 2D14FE1A27E9B69F0040E27B /* VibTester.app */;
			productType = "com.apple.product-type.application";
		};
/* End PBXNativeTarget section */

/* Begin PBXProject section */
		2D14FE1227E9B69F0040E27B /* Project object */ = {
			isa = PBXProject;
			attributes = {
				BuildIndependentTargetsInParallel = 1;
				LastSwiftUpdateCheck = 1320;
				LastUpgradeCheck = 1320;
				TargetAttributes = {
					2D14FE1927E9B69F0040E27B = {
						CreatedOnToolsVersion = 13.2.1;
					};
				};
			};
			buildConfigurationList = 2D14FE1527E9B69F0040E27B /* Build configuration list for PBXProject "VibTester" */;
			compatibilityVersion = "Xcode 13.0";
			developmentRegion = en;
			hasScannedForEncodings = 0;
			knownRegions = (
				en,
				Base,
			);
			mainGroup = 2D14FE1127E9B69F0040E27B;
			productRefGroup = 2D14FE1B27E9B69F0040E27B /* Products */;
			projectDirPath = "";
			projectRoot = "";
			targets = (
				2D14FE1927E9B69F0040E27B /* VibTester */,
			);
		};
/* End PBXProject section */

/* Begin PBXResourcesBuildPhase section */
		2D14FE1827E9B69F0040E27B /* Resources */ = {
			isa = PBXResourcesBuildPhase;
			buildActionMask = 2147483647;
			files = (
				2D315058286C81A9005266E6 /* v-09-11-3-50.ahap in Resources */,
				2D315063286C81A9005266E6 /* v-09-12-1-19.ahap in Resources */,
				2D31505B286C81A9005266E6 /* v-09-12-2-40.ahap in Resources */,
				2D315060286C81A9005266E6 /* v-09-11-3-8.ahap in Resources */,
				2D315061286C81A9005266E6 /* v-10-28-7-31.ahap in Resources */,
				2D315059286C81A9005266E6 /* v-09-11-3-24.ahap in Resources */,
				2D31505F286C81A9005266E6 /* v-10-28-7-35.ahap in Resources */,
				2D14FE2527E9B6A10040E27B /* Preview Assets.xcassets in Resources */,
				2D315056286C81A9005266E6 /* v-09-11-4-8.ahap in Resources */,
				2D14FE2227E9B6A10040E27B /* Assets.xcassets in Resources */,
				2D31505A286C81A9005266E6 /* v-09-10-4-20.ahap in Resources */,
				2D315062286C81A9005266E6 /* v-10-21-3-45.ahap in Resources */,
				2D315057286C81A9005266E6 /* v-10-10-1-10.ahap in Resources */,
				2D31505D286C81A9005266E6 /* v-09-10-7-9.ahap in Resources */,
				2D31505E286C81A9005266E6 /* v-09-18-1-55.ahap in Resources */,
				2D31505C286C81A9005266E6 /* v-09-11-3-12.ahap in Resources */,
			);
			runOnlyForDeploymentPostprocessing = 0;
		};
/* End PBXResourcesBuildPhase section */

/* Begin PBXSourcesBuildPhase section */
		2D14FE1627E9B69F0040E27B /* Sources */ = {
			isa = PBXSourcesBuildPhase;
			buildActionMask = 2147483647;
			files = (
				2D14FE2027E9B69F0040E27B /* ContentView.swift in Sources */,
				2D14FE1E27E9B69F0040E27B /* VibTesterApp.swift in Sources */,
				2D14FE3027E9BF900040E27B /* VibrationManager.swift in Sources */,
				2D14FE2C27E9B7F60040E27B /* PlayButton.swift in Sources */,
				2D14FE3227EA76B70040E27B /* ButtonRow.swift in Sources */,
			);
			runOnlyForDeploymentPostprocessing = 0;
		};
/* End PBXSourcesBuildPhase section */

/* Begin XCBuildConfiguration section */
		2D14FE2627E9B6A10040E27B /* Debug */ = {
			isa = XCBuildConfiguration;
			buildSettings = {
				ALWAYS_SEARCH_USER_PATHS = NO;
				CLANG_ANALYZER_NONNULL = YES;
				CLANG_ANALYZER_NUMBER_OBJECT_CONVERSION = YES_AGGRESSIVE;
				CLANG_CXX_LANGUAGE_STANDARD = "gnu++17";
				CLANG_CXX_LIBRARY = "libc++";
				CLANG_ENABLE_MODULES = YES;
				CLANG_ENABLE_OBJC_ARC = YES;
				CLANG_ENABLE_OBJC_WEAK = YES;
				CLANG_WARN_BLOCK_CAPTURE_AUTORELEASING = YES;
				CLANG_WARN_BOOL_CONVERSION = YES;
				CLANG_WARN_COMMA = YES;
				CLANG_WARN_CONSTANT_CONVERSION = YES;
				CLANG_WARN_DEPRECATED_OBJC_IMPLEMENTATIONS = YES;
				CLANG_WARN_DIRECT_OBJC_ISA_USAGE = YES_ERROR;
				CLANG_WARN_DOCUMENTATION_COMMENTS = YES;
				CLANG_WARN_EMPTY_BODY = YES;
				CLANG_WARN_ENUM_CONVERSION = YES;
				CLANG_WARN_INFINITE_RECURSION = YES;
				CLANG_WARN_INT_CONVERSION = YES;
				CLANG_WARN_NON_LITERAL_NULL_CONVERSION = YES;
				CLANG_WARN_OBJC_IMPLICIT_RETAIN_SELF = YES;
				CLANG_WARN_OBJC_LITERAL_CONVERSION = YES;
				CLANG_WARN_OBJC_ROOT_CLASS = YES_ERROR;
				CLANG_WARN_QUOTED_INCLUDE_IN_FRAMEWORK_HEADER = YES;
				CLANG_WARN_RANGE_LOOP_ANALYSIS = YES;
				CLANG_WARN_STRICT_PROTOTYPES = YES;
				CLANG_WARN_SUSPICIOUS_MOVE = YES;
				CLANG_WARN_UNGUARDED_AVAILABILITY = YES_AGGRESSIVE;
				CLANG_WARN_UNREACHABLE_CODE = YES;
				CLANG_WARN__DUPLICATE_METHOD_MATCH = YES;
				COPY_PHASE_STRIP = NO;
				DEBUG_INFORMATION_FORMAT = dwarf;
				ENABLE_STRICT_OBJC_MSGSEND = YES;
				ENABLE_TESTABILITY = YES;
				GCC_C_LANGUAGE_STANDARD = gnu11;
				GCC_DYNAMIC_NO_PIC = NO;
				GCC_NO_COMMON_BLOCKS = YES;
				GCC_OPTIMIZATION_LEVEL = 0;
				GCC_PREPROCESSOR_DEFINITIONS = (
					"DEBUG=1",
					"$(inherited)",
				);
				GCC_WARN_64_TO_32_BIT_CONVERSION = YES;
				GCC_WARN_ABOUT_RETURN_TYPE = YES_ERROR;
				GCC_WARN_UNDECLARED_SELECTOR = YES;
				GCC_WARN_UNINITIALIZED_AUTOS = YES_AGGRESSIVE;
				GCC_WARN_UNUSED_FUNCTION = YES;
				GCC_WARN_UNUSED_VARIABLE = YES;
				IPHONEOS_DEPLOYMENT_TARGET = 15.2;
				MTL_ENABLE_DEBUG_INFO = INCLUDE_SOURCE;
				MTL_FAST_MATH = YES;
				ONLY_ACTIVE_ARCH = YES;
				SDKROOT = iphoneos;
				SWIFT_ACTIVE_COMPILATION_CONDITIONS = DEBUG;
				SWIFT_OPTIMIZATION_LEVEL = "-Onone";
			};
			name = Debug;
		};
		2D14FE2727E9B6A10040E27B /* Release */ = {
			isa = XCBuildConfiguration;
			buildSettings = {
				ALWAYS_SEARCH_USER_PATHS = NO;
				CLANG_ANALYZER_NONNULL = YES;
				CLANG_ANALYZER_NUMBER_OBJECT_CONVERSION = YES_AGGRESSIVE;
				CLANG_CXX_LANGUAGE_STANDARD = "gnu++17";
				CLANG_CXX_LIBRARY = "libc++";
				CLANG_ENABLE_MODULES = YES;
				CLANG_ENABLE_OBJC_ARC = YES;
				CLANG_ENABLE_OBJC_WEAK = YES;
				CLANG_WARN_BLOCK_CAPTURE_AUTORELEASING = YES;
				CLANG_WARN_BOOL_CONVERSION = YES;
				CLANG_WARN_COMMA = YES;
				CLANG_WARN_CONSTANT_CONVERSION = YES;
				CLANG_WARN_DEPRECATED_OBJC_IMPLEMENTATIONS = YES;
				CLANG_WARN_DIRECT_OBJC_ISA_USAGE = YES_ERROR;
				CLANG_WARN_DOCUMENTATION_COMMENTS = YES;
				CLANG_WARN_EMPTY_BODY = YES;
				CLANG_WARN_ENUM_CONVERSION = YES;
				CLANG_WARN_INFINITE_RECURSION = YES;
				CLANG_WARN_INT_CONVERSION = YES;
				CLANG_WARN_NON_LITERAL_NULL_CONVERSION = YES;
				CLANG_WARN_OBJC_IMPLICIT_RETAIN_SELF = YES;
				CLANG_WARN_OBJC_LITERAL_CONVERSION = YES;
				CLANG_WARN_OBJC_ROOT_CLASS = YES_ERROR;
				CLANG_WARN_QUOTED_INCLUDE_IN_FRAMEWORK_HEADER = YES;
				CLANG_WARN_RANGE_LOOP_ANALYSIS = YES;
				CLANG_WARN_STRICT_PROTOTYPES = YES;
				CLANG_WARN_SUSPICIOUS_MOVE = YES;
				CLANG_WARN_UNGUARDED_AVAILABILITY = YES_AGGRESSIVE;
				CLANG_WARN_UNREACHABLE_CODE = YES;
				CLANG_WARN__DUPLICATE_METHOD_MATCH = YES;
				COPY_PHASE_STRIP = NO;
				DEBUG_INFORMATION_FORMAT = "dwarf-with-dsym";
				ENABLE_NS_ASSERTIONS = NO;
				ENABLE_STRICT_OBJC_MSGSEND = YES;
				GCC_C_LANGUAGE_STANDARD = gnu11;
				GCC_NO_COMMON_BLOCKS = YES;
				GCC_WARN_64_TO_32_BIT_CONVERSION = YES;
				GCC_WARN_ABOUT_RETURN_TYPE = YES_ERROR;
				GCC_WARN_UNDECLARED_SELECTOR = YES;
				GCC_WARN_UNINITIALIZED_AUTOS = YES_AGGRESSIVE;
				GCC_WARN_UNUSED_FUNCTION = YES;
				GCC_WARN_UNUSED_VARIABLE = YES;
				IPHONEOS_DEPLOYMENT_TARGET = 15.2;
				MTL_ENABLE_DEBUG_INFO = NO;
				MTL_FAST_MATH = YES;
				SDKROOT = iphoneos;
				SWIFT_COMPILATION_MODE = wholemodule;
				SWIFT_OPTIMIZATION_LEVEL = "-O";
				VALIDATE_PRODUCT = YES;
			};
			name = Release;
		};
		2D14FE2927E9B6A10040E27B /* Debug */ = {
			isa = XCBuildConfiguration;
			buildSettings = {
				ASSETCATALOG_COMPILER_APPICON_NAME = AppIcon;
				ASSETCATALOG_COMPILER_GLOBAL_ACCENT_COLOR_NAME = AccentColor;
				CODE_SIGN_STYLE = Automatic;
				CURRENT_PROJECT_VERSION = 1;
				DEVELOPMENT_ASSET_PATHS = "\"VibTester/Preview Content\"";
				DEVELOPMENT_TEAM = BZ69BT7KDM;
				ENABLE_PREVIEWS = YES;
				GENERATE_INFOPLIST_FILE = YES;
				INFOPLIST_KEY_UIApplicationSceneManifest_Generation = YES;
				INFOPLIST_KEY_UIApplicationSupportsIndirectInputEvents = YES;
				INFOPLIST_KEY_UILaunchScreen_Generation = YES;
				INFOPLIST_KEY_UISupportedInterfaceOrientations_iPad = "UIInterfaceOrientationPortrait UIInterfaceOrientationPortraitUpsideDown UIInterfaceOrientationLandscapeLeft UIInterfaceOrientationLandscapeRight";
				INFOPLIST_KEY_UISupportedInterfaceOrientations_iPhone = "UIInterfaceOrientationPortrait UIInterfaceOrientationLandscapeLeft UIInterfaceOrientationLandscapeRight";
				IPHONEOS_DEPLOYMENT_TARGET = 14.5;
				LD_RUNPATH_SEARCH_PATHS = (
					"$(inherited)",
					"@executable_path/Frameworks",
				);
				MARKETING_VERSION = 1.0;
				PRODUCT_BUNDLE_IDENTIFIER = HapticStudyTeam.VibrationTester000000;
				PRODUCT_NAME = "$(TARGET_NAME)";
				SWIFT_EMIT_LOC_STRINGS = YES;
				SWIFT_VERSION = 5.0;
				TARGETED_DEVICE_FAMILY = "1,2";
			};
			name = Debug;
		};
		2D14FE2A27E9B6A10040E27B /* Release */ = {
			isa = XCBuildConfiguration;
			buildSettings = {
				ASSETCATALOG_COMPILER_APPICON_NAME = AppIcon;
				ASSETCATALOG_COMPILER_GLOBAL_ACCENT_COLOR_NAME = AccentColor;
				CODE_SIGN_STYLE = Automatic;
				CURRENT_PROJECT_VERSION = 1;
				DEVELOPMENT_ASSET_PATHS = "\"VibTester/Preview Content\"";
				DEVELOPMENT_TEAM = BZ69BT7KDM;
				ENABLE_PREVIEWS = YES;
				GENERATE_INFOPLIST_FILE = YES;
				INFOPLIST_KEY_UIApplicationSceneManifest_Generation = YES;
				INFOPLIST_KEY_UIApplicationSupportsIndirectInputEvents = YES;
				INFOPLIST_KEY_UILaunchScreen_Generation = YES;
				INFOPLIST_KEY_UISupportedInterfaceOrientations_iPad = "UIInterfaceOrientationPortrait UIInterfaceOrientationPortraitUpsideDown UIInterfaceOrientationLandscapeLeft UIInterfaceOrientationLandscapeRight";
				INFOPLIST_KEY_UISupportedInterfaceOrientations_iPhone = "UIInterfaceOrientationPortrait UIInterfaceOrientationLandscapeLeft UIInterfaceOrientationLandscapeRight";
				IPHONEOS_DEPLOYMENT_TARGET = 14.5;
				LD_RUNPATH_SEARCH_PATHS = (
					"$(inherited)",
					"@executable_path/Frameworks",
				);
				MARKETING_VERSION = 1.0;
				PRODUCT_BUNDLE_IDENTIFIER = HapticStudyTeam.VibrationTester000000;
				PRODUCT_NAME = "$(TARGET_NAME)";
				SWIFT_EMIT_LOC_STRINGS = YES;
				SWIFT_VERSION = 5.0;
				TARGETED_DEVICE_FAMILY = "1,2";
			};
			name = Release;
		};
/* End XCBuildConfiguration section */

/* Begin XCConfigurationList section */
		2D14FE1527E9B69F0040E27B /* Build configuration list for PBXProject "VibTester" */ = {
			isa = XCConfigurationList;
			buildConfigurations = (
				2D14FE2627E9B6A10040E27B /* Debug */,
				2D14FE2727E9B6A10040E27B /* Release */,
			);
			defaultConfigurationIsVisible = 0;
			defaultConfigurationName = Release;
		};
		2D14FE2827E9B6A10040E27B /* Build configuration list for PBXNativeTarget "VibTester" */ = {
			isa = XCConfigurationList;
			buildConfigurations = (
				2D14FE2927E9B6A10040E27B /* Debug */,
				2D14FE2A27E9B6A10040E27B /* Release */,
			);
			defaultConfigurationIsVisible = 0;
			defaultConfigurationName = Release;
		};
/* End XCConfigurationList section */
	};
	rootObject = 2D14FE1227E9B69F0040E27B /* Project object */;
}
